
Microsoft Visual Studio Solution File, Format Version 12.00
# Visual Studio Version 17
VisualStudioVersion = 17.2.32526.322
MinimumVisualStudioVersion = 10.0.40219.1
Project("{FAE04EC0-301F-11D3-BF4B-00C04F79EFBC}") = "UseCase23", "UseCase23\UseCase23.csproj", "{6362C368-1456-4C29-8C57-095D6A950C84}"
EndProject
Global
	GlobalSection(SolutionConfigurationPlatforms) = preSolution
		Debug|Any CPU = Debug|Any CPU
		Release|Any CPU = Release|Any CPU
	EndGlobalSection
	GlobalSection(ProjectConfigurationPlatforms) = postSolution
		{6362C368-1456-4C29-8C57-095D6A950C84}.Debug|Any CPU.ActiveCfg = Debug|Any CPU
		{6362C368-1456-4C29-8C57-095D6A950C84}.Debug|Any CPU.Build.0 = Debug|Any CPU
		{6362C368-1456-4C29-8C57-095D6A950C84}.Release|Any CPU.ActiveCfg = Release|Any CPU
		{6362C368-1456-4C29-8C57-095D6A950C84}.Release|Any CPU.Build.0 = Release|Any CPU
	EndGlobalSection
	GlobalSection(SolutionProperties) = preSolution
		HideSolutionNode = FALSE
	EndGlobalSection
	GlobalSection(ExtensibilityGlobals) = postSolution
		SolutionGuid = {28799CD2-81F2-4102-B821-FBC79F1AF407}
	EndGlobalSection
EndGlobal
